
Microsoft Visual Studio Solution File, Format Version 12.00
# Visual Studio 15
VisualStudioVersion = 15.0.28010.2036
MinimumVisualStudioVersion = 10.0.40219.1
Project("{FAE04EC0-301F-11D3-BF4B-00C04F79EFBC}") = "Presentacion", "Presentacion\Presentacion.csproj", "{88BAC5C4-0CF8-4676-9B0D-BBEE325D4219}"
EndProject
Project("{FAE04EC0-301F-11D3-BF4B-00C04F79EFBC}") = "Dominio", "Dominio\Dominio.csproj", "{C73A2E0D-5B03-4805-94F5-7CC541703023}"
EndProject
Project("{FAE04EC0-301F-11D3-BF4B-00C04F79EFBC}") = "ConsoleApp1", "ConsoleApp1\ConsoleApp1.csproj", "{786D97C2-7558-46D3-885A-D07152A8EDDC}"
EndProject
Global
	GlobalSection(SolutionConfigurationPlatforms) = preSolution
		Debug|Any CPU = Debug|Any CPU
		Release|Any CPU = Release|Any CPU
	EndGlobalSection
	GlobalSection(ProjectConfigurationPlatforms) = postSolution
		{88BAC5C4-0CF8-4676-9B0D-BBEE325D4219}.Debug|Any CPU.ActiveCfg = Debug|Any CPU
		{88BAC5C4-0CF8-4676-9B0D-BBEE325D4219}.Debug|Any CPU.Build.0 = Debug|Any CPU
		{88BAC5C4-0CF8-4676-9B0D-BBEE325D4219}.Release|Any CPU.ActiveCfg = Release|Any CPU
		{88BAC5C4-0CF8-4676-9B0D-BBEE325D4219}.Release|Any CPU.Build.0 = Release|Any CPU
		{C73A2E0D-5B03-4805-94F5-7CC541703023}.Debug|Any CPU.ActiveCfg = Debug|Any CPU
		{C73A2E0D-5B03-4805-94F5-7CC541703023}.Debug|Any CPU.Build.0 = Debug|Any CPU
		{C73A2E0D-5B03-4805-94F5-7CC541703023}.Release|Any CPU.ActiveCfg = Release|Any CPU
		{C73A2E0D-5B03-4805-94F5-7CC541703023}.Release|Any CPU.Build.0 = Release|Any CPU
		{786D97C2-7558-46D3-885A-D07152A8EDDC}.Debug|Any CPU.ActiveCfg = Debug|Any CPU
		{786D97C2-7558-46D3-885A-D07152A8EDDC}.Debug|Any CPU.Build.0 = Debug|Any CPU
		{786D97C2-7558-46D3-885A-D07152A8EDDC}.Release|Any CPU.ActiveCfg = Release|Any CPU
		{786D97C2-7558-46D3-885A-D07152A8EDDC}.Release|Any CPU.Build.0 = Release|Any CPU
	EndGlobalSection
	GlobalSection(SolutionProperties) = preSolution
		HideSolutionNode = FALSE
	EndGlobalSection
	GlobalSection(ExtensibilityGlobals) = postSolution
		SolutionGuid = {B340F8D0-2A45-4986-9880-28E98D7DF2EF}
	EndGlobalSection
EndGlobal
